// !$*UTF8*$!
{
	archiveVersion = 1;
	classes = {
	};
	objectVersion = 46;
	objects = {

/* Begin PBXBuildFile section */
		69A9D80A1AEFE87C0042423D /* main.m in Sources */ = {isa = PBXBuildFile; fileRef = 69A9D8091AEFE87C0042423D /* main.m */; };
		69A9D80D1AEFE87C0042423D /* AppDelegate.m in Sources */ = {isa = PBXBuildFile; fileRef = 69A9D80C1AEFE87C0042423D /* AppDelegate.m */; };
		69A9D8101AEFE87C0042423D /* ViewController.m in Sources */ = {isa = PBXBuildFile; fileRef = 69A9D80F1AEFE87C0042423D /* ViewController.m */; };
		69A9D8131AEFE87C0042423D /* Main.storyboard in Resources */ = {isa = PBXBuildFile; fileRef = 69A9D8111AEFE87C0042423D /* Main.storyboard */; };
		69A9D8151AEFE87C0042423D /* Images.xcassets in Resources */ = {isa = PBXBuildFile; fileRef = 69A9D8141AEFE87C0042423D /* Images.xcassets */; };
		69A9D8181AEFE87C0042423D /* LaunchScreen.xib in Resources */ = {isa = PBXBuildFile; fileRef = 69A9D8161AEFE87C0042423D /* LaunchScreen.xib */; };
		69A9D8241AEFE87C0042423D /* testProjectTests.m in Sources */ = {isa = PBXBuildFile; fileRef = 69A9D8231AEFE87C0042423D /* testProjectTests.m */; };
/* End PBXBuildFile section */

/* Begin PBXContainerItemProxy section */
		69A9D81E1AEFE87C0042423D /* PBXContainerItemProxy */ = {
			isa = PBXContainerItemProxy;
			containerPortal = 69A9D7FC1AEFE87C0042423D /* Project object */;
			proxyType = 1;
			remoteGlobalIDString = 69A9D8031AEFE87C0042423D;
			remoteInfo = testProject;
		};
/* End PBXContainerItemProxy section */

/* Begin PBXFileReference section */
		69A9D8041AEFE87C0042423D /* testProject.app */ = {isa = PBXFileReference; explicitFileType = wrapper.application; includeInIndex = 0; path = testProject.app; sourceTree = BUILT_PRODUCTS_DIR; };
		69A9D8081AEFE87C0042423D /* Info.plist */ = {isa = PBXFileReference; lastKnownFileType = text.plist.xml; path = Info.plist; sourceTree = "<group>"; };
		69A9D8091AEFE87C0042423D /* main.m */ = {isa = PBXFileReference; lastKnownFileType = sourcecode.c.objc; path = main.m; sourceTree = "<group>"; };
		69A9D80B1AEFE87C0042423D /* AppDelegate.h */ = {isa = PBXFileReference; lastKnownFileType = sourcecode.c.h; path = AppDelegate.h; sourceTree = "<group>"; };
		69A9D80C1AEFE87C0042423D /* AppDelegate.m */ = {isa = PBXFileReference; lastKnownFileType = sourcecode.c.objc; path = AppDelegate.m; sourceTree = "<group>"; };
		69A9D80E1AEFE87C0042423D /* ViewController.h */ = {isa = PBXFileReference; lastKnownFileType = sourcecode.c.h; path = ViewController.h; sourceTree = "<group>"; };
		69A9D80F1AEFE87C0042423D /* ViewController.m */ = {isa = PBXFileReference; lastKnownFileType = sourcecode.c.objc; path = ViewController.m; sourceTree = "<group>"; };
		69A9D8121AEFE87C0042423D /* Base */ = {isa = PBXFileReference; lastKnownFileType = file.storyboard; name = Base; path = Base.lproj/Main.storyboard; sourceTree = "<group>"; };
		69A9D8141AEFE87C0042423D /* Images.xcassets */ = {isa = PBXFileReference; lastKnownFileType = folder.assetcatalog; path = Images.xcassets; sourceTree = "<group>"; };
		69A9D8171AEFE87C0042423D /* Base */ = {isa = PBXFileReference; lastKnownFileType = file.xib; name = Base; path = Base.lproj/LaunchScreen.xib; sourceTree = "<group>"; };
		69A9D81D1AEFE87C0042423D /* testProjectTests.xctest */ = {isa = PBXFileReference; explicitFileType = wrapper.cfbundle; includeInIndex = 0; path = testProjectTests.xctest; sourceTree = BUILT_PRODUCTS_DIR; };
		69A9D8221AEFE87C0042423D /* Info.plist */ = {isa = PBXFileReference; lastKnownFileType = text.plist.xml; path = Info.plist; sourceTree = "<group>"; };
		69A9D8231AEFE87C0042423D /* testProjectTests.m */ = {isa = PBXFileReference; lastKnownFileType = sourcecode.c.objc; path = testProjectTests.m; sourceTree = "<group>"; };
/* End PBXFileReference section */

/* Begin PBXFrameworksBuildPhase section */
		69A9D8011AEFE87C0042423D /* Frameworks */ = {
			isa = PBXFrameworksBuildPhase;
			buildActionMask = 2147483647;
			files = (
			);
			runOnlyForDeploymentPostprocessing = 0;
		};
		69A9D81A1AEFE87C0042423D /* Frameworks */ = {
			isa = PBXFrameworksBuildPhase;
			buildActionMask = 2147483647;
			files = (
			);
			runOnlyForDeploymentPostprocessing = 0;
		};
/* End PBXFrameworksBuildPhase section */

/* Begin PBXGroup section */
		69A9D7FB1AEFE87C0042423D = {
			isa = PBXGroup;
			children = (
				69A9D8061AEFE87C0042423D /* testProject */,
				69A9D8201AEFE87C0042423D /* testProjectTests */,
				69A9D8051AEFE87C0042423D /* Products */,
			);
			sourceTree = "<group>";
		};
		69A9D8051AEFE87C0042423D /* Products */ = {
			isa = PBXGroup;
			children = (
				69A9D8041AEFE87C0042423D /* testProject.app */,
				69A9D81D1AEFE87C0042423D /* testProjectTests.xctest */,
			);
			name = Products;
			sourceTree = "<group>";
		};
		69A9D8061AEFE87C0042423D /* testProject */ = {
			isa = PBXGroup;
			children = (
				69A9D80B1AEFE87C0042423D /* AppDelegate.h */,
				69A9D80C1AEFE87C0042423D /* AppDelegate.m */,
				69A9D80E1AEFE87C0042423D /* ViewController.h */,
				69A9D80F1AEFE87C0042423D /* ViewController.m */,
				69A9D8111AEFE87C0042423D /* Main.storyboard */,
				69A9D8141AEFE87C0042423D /* Images.xcassets */,
				69A9D8161AEFE87C0042423D /* LaunchScreen.xib */,
				69A9D8071AEFE87C0042423D /* Supporting Files */,
			);
			path = testProject;
			sourceTree = "<group>";
		};
		69A9D8071AEFE87C0042423D /* Supporting Files */ = {
			isa = PBXGroup;
			children = (
				69A9D8081AEFE87C0042423D /* Info.plist */,
				69A9D8091AEFE87C0042423D /* main.m */,
			);
			name = "Supporting Files";
			sourceTree = "<group>";
		};
		69A9D8201AEFE87C0042423D /* testProjectTests */ = {
			isa = PBXGroup;
			children = (
				69A9D8231AEFE87C0042423D /* testProjectTests.m */,
				69A9D8211AEFE87C0042423D /* Supporting Files */,
			);
			path = testProjectTests;
			sourceTree = "<group>";
		};
		69A9D8211AEFE87C0042423D /* Supporting Files */ = {
			isa = PBXGroup;
			children = (
				69A9D8221AEFE87C0042423D /* Info.plist */,
			);
			name = "Supporting Files";
			sourceTree = "<group>";
		};
/* End PBXGroup section */

/* Begin PBXNativeTarget section */
		69A9D8031AEFE87C0042423D /* testProject */ = {
			isa = PBXNativeTarget;
			buildConfigurationList = 69A9D8271AEFE87C0042423D /* Build configuration list for PBXNativeTarget "testProject" */;
			buildPhases = (
				69A9D8001AEFE87C0042423D /* Sources */,
				69A9D8011AEFE87C0042423D /* Frameworks */,
				69A9D8021AEFE87C0042423D /* Resources */,
			);
			buildRules = (
			);
			dependencies = (
			);
			name = testProject;
			productName = testProject;
			productReference = 69A9D8041AEFE87C0042423D /* testProject.app */;
			productType = "com.apple.product-type.application";
		};
		69A9D81C1AEFE87C0042423D /* testProjectTests */ = {
			isa = PBXNativeTarget;
			buildConfigurationList = 69A9D82A1AEFE87C0042423D /* Build configuration list for PBXNativeTarget "testProjectTests" */;
			buildPhases = (
				69A9D8191AEFE87C0042423D /* Sources */,
				69A9D81A1AEFE87C0042423D /* Frameworks */,
				69A9D81B1AEFE87C0042423D /* Resources */,
			);
			buildRules = (
			);
			dependencies = (
				69A9D81F1AEFE87C0042423D /* PBXTargetDependency */,
			);
			name = testProjectTests;
			productName = testProjectTests;
			productReference = 69A9D81D1AEFE87C0042423D /* testProjectTests.xctest */;
			productType = "com.apple.product-type.bundle.unit-test";
		};
/* End PBXNativeTarget section */

/* Begin PBXProject section */
		69A9D7FC1AEFE87C0042423D /* Project object */ = {
			isa = PBXProject;
			attributes = {
				LastUpgradeCheck = 0630;
				ORGANIZATIONNAME = DWFMS;
				TargetAttributes = {
					69A9D8031AEFE87C0042423D = {
						CreatedOnToolsVersion = 6.3.1;
					};
					69A9D81C1AEFE87C0042423D = {
						CreatedOnToolsVersion = 6.3.1;
						TestTargetID = 69A9D8031AEFE87C0042423D;
					};
				};
			};
			buildConfigurationList = 69A9D7FF1AEFE87C0042423D /* Build configuration list for PBXProject "testProject" */;
			compatibilityVersion = "Xcode 3.2";
			developmentRegion = English;
			hasScannedForEncodings = 0;
			knownRegions = (
				en,
				Base,
			);
			mainGroup = 69A9D7FB1AEFE87C0042423D;
			productRefGroup = 69A9D8051AEFE87C0042423D /* Products */;
			projectDirPath = "";
			projectRoot = "";
			targets = (
				69A9D8031AEFE87C0042423D /* testProject */,
				69A9D81C1AEFE87C0042423D /* testProjectTests */,
			);
		};
/* End PBXProject section */

/* Begin PBXResourcesBuildPhase section */
		69A9D8021AEFE87C0042423D /* Resources */ = {
			isa = PBXResourcesBuildPhase;
			buildActionMask = 2147483647;
			files = (
				69A9D8131AEFE87C0042423D /* Main.storyboard in Resources */,
				69A9D8181AEFE87C0042423D /* LaunchScreen.xib in Resources */,
				69A9D8151AEFE87C0042423D /* Images.xcassets in Resources */,
			);
			runOnlyForDeploymentPostprocessing = 0;
		};
		69A9D81B1AEFE87C0042423D /* Resources */ = {
			isa = PBXResourcesBuildPhase;
			buildActionMask = 2147483647;
			files = (
			);
			runOnlyForDeploymentPostprocessing = 0;
		};
/* End PBXResourcesBuildPhase section */

/* Begin PBXSourcesBuildPhase section */
		69A9D8001AEFE87C0042423D /* Sources */ = {
			isa = PBXSourcesBuildPhase;
			buildActionMask = 2147483647;
			files = (
				69A9D8101AEFE87C0042423D /* ViewController.m in Sources */,
				69A9D80D1AEFE87C0042423D /* AppDelegate.m in Sources */,
				69A9D80A1AEFE87C0042423D /* main.m in Sources */,
			);
			runOnlyForDeploymentPostprocessing = 0;
		};
		69A9D8191AEFE87C0042423D /* Sources */ = {
			isa = PBXSourcesBuildPhase;
			buildActionMask = 2147483647;
			files = (
				69A9D8241AEFE87C0042423D /* testProjectTests.m in Sources */,
			);
			runOnlyForDeploymentPostprocessing = 0;
		};
/* End PBXSourcesBuildPhase section */

/* Begin PBXTargetDependency section */
		69A9D81F1AEFE87C0042423D /* PBXTargetDependency */ = {
			isa = PBXTargetDependency;
			target = 69A9D8031AEFE87C0042423D /* testProject */;
			targetProxy = 69A9D81E1AEFE87C0042423D /* PBXContainerItemProxy */;
		};
/* End PBXTargetDependency section */

/* Begin PBXVariantGroup section */
		69A9D8111AEFE87C0042423D /* Main.storyboard */ = {
			isa = PBXVariantGroup;
			children = (
				69A9D8121AEFE87C0042423D /* Base */,
			);
			name = Main.storyboard;
			sourceTree = "<group>";
		};
		69A9D8161AEFE87C0042423D /* LaunchScreen.xib */ = {
			isa = PBXVariantGroup;
			children = (
				69A9D8171AEFE87C0042423D /* Base */,
			);
			name = LaunchScreen.xib;
			sourceTree = "<group>";
		};
/* End PBXVariantGroup section */

/* Begin XCBuildConfiguration section */
		69A9D8251AEFE87C0042423D /* Debug */ = {
			isa = XCBuildConfiguration;
			buildSettings = {
				ALWAYS_SEARCH_USER_PATHS = NO;
				CLANG_CXX_LANGUAGE_STANDARD = "gnu++0x";
				CLANG_CXX_LIBRARY = "libc++";
				CLANG_ENABLE_MODULES = YES;
				CLANG_ENABLE_OBJC_ARC = YES;
				CLANG_WARN_BOOL_CONVERSION = YES;
				CLANG_WARN_CONSTANT_CONVERSION = YES;
				CLANG_WARN_DIRECT_OBJC_ISA_USAGE = YES_ERROR;
				CLANG_WARN_EMPTY_BODY = YES;
				CLANG_WARN_ENUM_CONVERSION = YES;
				CLANG_WARN_INT_CONVERSION = YES;
				CLANG_WARN_OBJC_ROOT_CLASS = YES_ERROR;
				CLANG_WARN_UNREACHABLE_CODE = YES;
				CLANG_WARN__DUPLICATE_METHOD_MATCH = YES;
				"CODE_SIGN_IDENTITY[sdk=iphoneos*]" = "iPhone Developer";
				COPY_PHASE_STRIP = NO;
				DEBUG_INFORMATION_FORMAT = "dwarf-with-dsym";
				ENABLE_STRICT_OBJC_MSGSEND = YES;
				GCC_C_LANGUAGE_STANDARD = gnu99;
				GCC_DYNAMIC_NO_PIC = NO;
				GCC_NO_COMMON_BLOCKS = YES;
				GCC_OPTIMIZATION_LEVEL = 0;
				GCC_PREPROCESSOR_DEFINITIONS = (
					"DEBUG=1",
					"$(inherited)",
				);
				GCC_SYMBOLS_PRIVATE_EXTERN = NO;
				GCC_WARN_64_TO_32_BIT_CONVERSION = YES;
				GCC_WARN_ABOUT_RETURN_TYPE = YES_ERROR;
				GCC_WARN_UNDECLARED_SELECTOR = YES;
				GCC_WARN_UNINITIALIZED_AUTOS = YES_AGGRESSIVE;
				GCC_WARN_UNUSED_FUNCTION = YES;
				GCC_WARN_UNUSED_VARIABLE = YES;
				IPHONEOS_DEPLOYMENT_TARGET = 8.3;
				MTL_ENABLE_DEBUG_INFO = YES;
				ONLY_ACTIVE_ARCH = YES;
				SDKROOT = iphoneos;
			};
			name = Debug;
		};
		69A9D8261AEFE87C0042423D /* Release */ = {
			isa = XCBuildConfiguration;
			buildSettings = {
				ALWAYS_SEARCH_USER_PATHS = NO;
				CLANG_CXX_LANGUAGE_STANDARD = "gnu++0x";
				CLANG_CXX_LIBRARY = "libc++";
				CLANG_ENABLE_MODULES = YES;
				CLANG_ENABLE_OBJC_ARC = YES;
				CLANG_WARN_BOOL_CONVERSION = YES;
				CLANG_WARN_CONSTANT_CONVERSION = YES;
				CLANG_WARN_DIRECT_OBJC_ISA_USAGE = YES_ERROR;
				CLANG_WARN_EMPTY_BODY = YES;
				CLANG_WARN_ENUM_CONVERSION = YES;
				CLANG_WARN_INT_CONVERSION = YES;
				CLANG_WARN_OBJC_ROOT_CLASS = YES_ERROR;
				CLANG_WARN_UNREACHABLE_CODE = YES;
				CLANG_WARN__DUPLICATE_METHOD_MATCH = YES;
				"CODE_SIGN_IDENTITY[sdk=iphoneos*]" = "iPhone Developer";
				COPY_PHASE_STRIP = NO;
				DEBUG_INFORMATION_FORMAT = "dwarf-with-dsym";
				ENABLE_NS_ASSERTIONS = NO;
				ENABLE_STRICT_OBJC_MSGSEND = YES;
				GCC_C_LANGUAGE_STANDARD = gnu99;
				GCC_NO_COMMON_BLOCKS = YES;
				GCC_WARN_64_TO_32_BIT_CONVERSION = YES;
				GCC_WARN_ABOUT_RETURN_TYPE = YES_ERROR;
				GCC_WARN_UNDECLARED_SELECTOR = YES;
				GCC_WARN_UNINITIALIZED_AUTOS = YES_AGGRESSIVE;
				GCC_WARN_UNUSED_FUNCTION = YES;
				GCC_WARN_UNUSED_VARIABLE = YES;
				IPHONEOS_DEPLOYMENT_TARGET = 8.3;
				MTL_ENABLE_DEBUG_INFO = NO;
				SDKROOT = iphoneos;
				VALIDATE_PRODUCT = YES;
			};
			name = Release;
		};
		69A9D8281AEFE87C0042423D /* Debug */ = {
			isa = XCBuildConfiguration;
			buildSettings = {
				ASSETCATALOG_COMPILER_APPICON_NAME = AppIcon;
				INFOPLIST_FILE = testProject/Info.plist;
				LD_RUNPATH_SEARCH_PATHS = "$(inherited) @executable_path/Frameworks";
				PRODUCT_NAME = "$(TARGET_NAME)";
			};
			name = Debug;
		};
		69A9D8291AEFE87C0042423D /* Release */ = {
			isa = XCBuildConfiguration;
			buildSettings = {
				ASSETCATALOG_COMPILER_APPICON_NAME = AppIcon;
				INFOPLIST_FILE = testProject/Info.plist;
				LD_RUNPATH_SEARCH_PATHS = "$(inherited) @executable_path/Frameworks";
				PRODUCT_NAME = "$(TARGET_NAME)";
			};
			name = Release;
		};
		69A9D82B1AEFE87C0042423D /* Debug */ = {
			isa = XCBuildConfiguration;
			buildSettings = {
				BUNDLE_LOADER = "$(TEST_HOST)";
				FRAMEWORK_SEARCH_PATHS = (
					"$(SDKROOT)/Developer/Library/Frameworks",
					"$(inherited)",
				);
				GCC_PREPROCESSOR_DEFINITIONS = (
					"DEBUG=1",
					"$(inherited)",
				);
				INFOPLIST_FILE = testProjectTests/Info.plist;
				LD_RUNPATH_SEARCH_PATHS = "$(inherited) @executable_path/Frameworks @loader_path/Frameworks";
				PRODUCT_NAME = "$(TARGET_NAME)";
				TEST_HOST = "$(BUILT_PRODUCTS_DIR)/testProject.app/testProject";
			};
			name = Debug;
		};
		69A9D82C1AEFE87C0042423D /* Release */ = {
			isa = XCBuildConfiguration;
			buildSettings = {
				BUNDLE_LOADER = "$(TEST_HOST)";
				FRAMEWORK_SEARCH_PATHS = (
					"$(SDKROOT)/Developer/Library/Frameworks",
					"$(inherited)",
				);
				INFOPLIST_FILE = testProjectTests/Info.plist;
				LD_RUNPATH_SEARCH_PATHS = "$(inherited) @executable_path/Frameworks @loader_path/Frameworks";
				PRODUCT_NAME = "$(TARGET_NAME)";
				TEST_HOST = "$(BUILT_PRODUCTS_DIR)/testProject.app/testProject";
			};
			name = Release;
		};
/* End XCBuildConfiguration section */

/* Begin XCConfigurationList section */
		69A9D7FF1AEFE87C0042423D /* Build configuration list for PBXProject "testProject" */ = {
			isa = XCConfigurationList;
			buildConfigurations = (
				69A9D8251AEFE87C0042423D /* Debug */,
				69A9D8261AEFE87C0042423D /* Release */,
			);
			defaultConfigurationIsVisible = 0;
			defaultConfigurationName = Release;
		};
		69A9D8271AEFE87C0042423D /* Build configuration list for PBXNativeTarget "testProject" */ = {
			isa = XCConfigurationList;
			buildConfigurations = (
				69A9D8281AEFE87C0042423D /* Debug */,
				69A9D8291AEFE87C0042423D /* Release */,
			);
			defaultConfigurationIsVisible = 0;
		};
		69A9D82A1AEFE87C0042423D /* Build configuration list for PBXNativeTarget "testProjectTests" */ = {
			isa = XCConfigurationList;
			buildConfigurations = (
				69A9D82B1AEFE87C0042423D /* Debug */,
				69A9D82C1AEFE87C0042423D /* Release */,
			);
			defaultConfigurationIsVisible = 0;
		};
/* End XCConfigurationList section */
	};
	rootObject = 69A9D7FC1AEFE87C0042423D /* Project object */;
}
